// !$*UTF8*$!
{
	archiveVersion = 1;
	classes = {
	};
	objectVersion = 77;
	objects = {

/* Begin PBXBuildFile section */
		009EBF498DA30943CF9B822D /* ReviewStepView.swift in Sources */ = {isa = PBXBuildFile; fileRef = C374A772F98B97BE6F2EE986 /* ReviewStepView.swift */; };
		01DA0CBC6A7F8197F2EA4208 /* DealDetailSheet.swift in Sources */ = {isa = PBXBuildFile; fileRef = 262B82892D49D5104059509A /* DealDetailSheet.swift */; };
		03840B5283B50C3D3193477A /* MachinesSplitView.swift in Sources */ = {isa = PBXBuildFile; fileRef = F5AEF7E62775F83FFCD0149A /* MachinesSplitView.swift */; };
		0BEB2E18E56CCAF0DE150DF8 /* BatchAdjustSheet.swift in Sources */ = {isa = PBXBuildFile; fileRef = 8B044726A1D09F334DDB0851 /* BatchAdjustSheet.swift */; };
		0C7698AD6ED222844A1255F5 /* Tray.swift in Sources */ = {isa = PBXBuildFile; fileRef = 2D260DBBBEC69D0AD7B73C46 /* Tray.swift */; };
		123DDC46EFE39435A5A69CB5 /* RefillWizardView.swift in Sources */ = {isa = PBXBuildFile; fileRef = 52A29D496BDB69F848C60674 /* RefillWizardView.swift */; };
		1254787CC883CE8605189B4B /* PackingStepView.swift in Sources */ = {isa = PBXBuildFile; fileRef = 90BC01B0752A47A20DF699E7 /* PackingStepView.swift */; };
		14E8E7A13B8FB4BBA2CE3AA1 /* SettingsView.swift in Sources */ = {isa = PBXBuildFile; fileRef = 0C4757F332F815A5F5300AC8 /* SettingsView.swift */; };
		1813377797812B72A25F0959 /* DashboardView.swift in Sources */ = {isa = PBXBuildFile; fileRef = C67EF9594F3D482E240493C0 /* DashboardView.swift */; };
		18B45C5AD27EA5192C579E7E /* EntriesListSection.swift in Sources */ = {isa = PBXBuildFile; fileRef = EAA8256D3F29DAABC995F8FF /* EntriesListSection.swift */; };
		1C9E7B9A63E9DD8A16B2A1C5 /* CashBook.swift in Sources */ = {isa = PBXBuildFile; fileRef = D372AA15A5282B4FB81859BB /* CashBook.swift */; };
		1D3A89F11C2DB525AA3D3A3B /* KPICard.swift in Sources */ = {isa = PBXBuildFile; fileRef = 53A6211078603D2C7AD0EAD7 /* KPICard.swift */; };
		227347A89BC32144B6544F1C /* WarehouseViewModel.swift in Sources */ = {isa = PBXBuildFile; fileRef = 84AF9FDF2E1ADB75E706F23A /* WarehouseViewModel.swift */; };
		237C6C70C5941B38ADA61979 /* Supabase in Frameworks */ = {isa = PBXBuildFile; productRef = FB3502875FE29AF6391900A8 /* Supabase */; };
		248616CB9DA18C4F098B2461 /* MachineListViewModel.swift in Sources */ = {isa = PBXBuildFile; fileRef = E6C97FF39451173E8B85466B /* MachineListViewModel.swift */; };
		25EA765A8A63760D9E0E557C /* HapticFeedback.swift in Sources */ = {isa = PBXBuildFile; fileRef = 0AE2420C36DFAC7C4394E774 /* HapticFeedback.swift */; };
		2B3AA6B25344C2BCAC8195EC /* MachineDetailViewModel.swift in Sources */ = {isa = PBXBuildFile; fileRef = 3B84189DCC212B6DBBF84DEB /* MachineDetailViewModel.swift */; };
		2ED6B05952A4F22FECE56431 /* InboxViewModel.swift in Sources */ = {isa = PBXBuildFile; fileRef = 85E188D4F38B0B3DB63805E7 /* InboxViewModel.swift */; };
		301C227EBDC0E72136F542CD /* MachineCard.swift in Sources */ = {isa = PBXBuildFile; fileRef = C78B6E7FAFE28A4523530D02 /* MachineCard.swift */; };
		36D66E4568E0F334F7DF3CDF /* CashBookView.swift in Sources */ = {isa = PBXBuildFile; fileRef = C560BD5344EA89391E6A3721 /* CashBookView.swift */; };
		38D6B1CBC8EAA38E361D13CB /* Product.swift in Sources */ = {isa = PBXBuildFile; fileRef = CA94DE3092E2B07986626697 /* Product.swift */; };
		401CB3D07548694B7E517E3B /* NotificationService.appex in Embed Foundation Extensions */ = {isa = PBXBuildFile; fileRef = 640C0F6F1E6E4CBDF96B7F39 /* NotificationService.appex */; settings = {ATTRIBUTES = (RemoveHeadersOnCopy, ); }; };
		4317985673B05FA56A45069B /* StatusBadge.swift in Sources */ = {isa = PBXBuildFile; fileRef = AC27FF5E0A1C34BCE4ACCDBE /* StatusBadge.swift */; };
		44BE3D1E439FE91E3A5D1932 /* QRScannerView.swift in Sources */ = {isa = PBXBuildFile; fileRef = 2FAA61B154F7ABC2401C2CCA /* QRScannerView.swift */; };
		45167E803ECFB29F00DA502F /* DashboardViewModel.swift in Sources */ = {isa = PBXBuildFile; fileRef = 16E021E42CD9C7C92936F706 /* DashboardViewModel.swift */; };
		48101BA7F81D7ACA238B9101 /* MachineListView.swift in Sources */ = {isa = PBXBuildFile; fileRef = A8B6CB1492BFAA927C077A18 /* MachineListView.swift */; };
		4BAF0852314EDB345AE12107 /* MultiBarkasseCashBlock.swift in Sources */ = {isa = PBXBuildFile; fileRef = 7D17C7D7E21DDD2FDA3F7F48 /* MultiBarkasseCashBlock.swift */; };
		4E7112EF288684896AD007FC /* DealsViewModel.swift in Sources */ = {isa = PBXBuildFile; fileRef = 045C58B5757C2E8C18819C83 /* DealsViewModel.swift */; };
		4FFA938E1B8D44AA47597975 /* LocalNetworkPermission.swift in Sources */ = {isa = PBXBuildFile; fileRef = C35FC72F3ED743C438F7C738 /* LocalNetworkPermission.swift */; };
		5BBE0F0003B82E2E6CEEC86C /* RefillSummaryView.swift in Sources */ = {isa = PBXBuildFile; fileRef = 9690B8B0412F05E68303EA15 /* RefillSummaryView.swift */; };
		5C23B7000E2E6CB57DDFD0A2 /* AppDelegate.swift in Sources */ = {isa = PBXBuildFile; fileRef = DA9AFCFBBB69EB2C1D2AD547 /* AppDelegate.swift */; };
		5C989AE6260DDA7137C3A923 /* TrayEditSheet.swift in Sources */ = {isa = PBXBuildFile; fileRef = ED91CAD5148AD5C6C0991BD3 /* TrayEditSheet.swift */; };
		5F08126114BACC2BF3A31045 /* AnalyticsChart.swift in Sources */ = {isa = PBXBuildFile; fileRef = AA025EB66EB06769C3EFC9EB /* AnalyticsChart.swift */; };
		5F1B8611AD429EF19A710A9A /* ServerSelectionSheet.swift in Sources */ = {isa = PBXBuildFile; fileRef = EBE58555E475171EA231EDB4 /* ServerSelectionSheet.swift */; };
		6051E236873980E4ABAF7E4B /* ProductEditSheet.swift in Sources */ = {isa = PBXBuildFile; fileRef = 0DCE1D189B536C04A31EB746 /* ProductEditSheet.swift */; };
		619ACB1BC411FF265BC16770 /* Deal.swift in Sources */ = {isa = PBXBuildFile; fileRef = 9C98118B90638CE2F176B419 /* Deal.swift */; };
		6971FF55D8F8DCA5C2EA43AC /* BankDepositSheet.swift in Sources */ = {isa = PBXBuildFile; fileRef = F19B9E91048E1CDAC7C689E9 /* BankDepositSheet.swift */; };
		69E8033CA200BF33D690DD33 /* LoginView.swift in Sources */ = {isa = PBXBuildFile; fileRef = 55B32C8EEFABC9DADF2C73DD /* LoginView.swift */; };
		720AF70B51AF06424B582271 /* ProductsViewModel.swift in Sources */ = {isa = PBXBuildFile; fileRef = F7F1BF54F8FA6B86DA5380F6 /* ProductsViewModel.swift */; };
		72C90C4ACF2607C4D2195724 /* ServerEntry.swift in Sources */ = {isa = PBXBuildFile; fileRef = DADFA44860969534CCE30E67 /* ServerEntry.swift */; };
		75FC6DAC6BC35B6F78317FBC /* TrayListView.swift in Sources */ = {isa = PBXBuildFile; fileRef = 01C39E8B27FCFB5B0EED36FA /* TrayListView.swift */; };
		770948C3E78EA77E2829C8AF /* ComparePeriodBadge.swift in Sources */ = {isa = PBXBuildFile; fileRef = D804593DB549A7A2E7E661FE /* ComparePeriodBadge.swift */; };
		77D2B846D83C3623DF76EF46 /* WithdrawalSheet.swift in Sources */ = {isa = PBXBuildFile; fileRef = 3B0D3D4BFCEB1A362499B0C9 /* WithdrawalSheet.swift */; };
		7B251D0111BECD9C18F5DD02 /* TrayViewModel.swift in Sources */ = {isa = PBXBuildFile; fileRef = 7E9A5023EED5804698A679E6 /* TrayViewModel.swift */; };
		893772831F630561F5DBEF01 /* MachineDetailView.swift in Sources */ = {isa = PBXBuildFile; fileRef = 8F302EE40A7DDA1135B7A9D7 /* MachineDetailView.swift */; };
		92568582278C4496D9941FF9 /* AnalyticsFilter.swift in Sources */ = {isa = PBXBuildFile; fileRef = 6FDCE7F9F6A8794B7E407AE6 /* AnalyticsFilter.swift */; };
		98DBB72485FA6701994E86A6 /* VMflowApp.swift in Sources */ = {isa = PBXBuildFile; fileRef = 8ED1159C55CAF705215AD130 /* VMflowApp.swift */; };
		994DEA5B68106C882733FA3E /* AddServerView.swift in Sources */ = {isa = PBXBuildFile; fileRef = 357877F547C30B7565611780 /* AddServerView.swift */; };
		9AC610D3D52ECEEAF701A011 /* VendingMachine.swift in Sources */ = {isa = PBXBuildFile; fileRef = 4E7EC46F36DD12575C056A1A /* VendingMachine.swift */; };
		A1A27831F396EBCD53E5ED9A /* TrayRow.swift in Sources */ = {isa = PBXBuildFile; fileRef = 496AADA2A0C49A331A85311A /* TrayRow.swift */; };
		A1BB4CD6BAE18CF2A1E2FB3C /* Warehouse.swift in Sources */ = {isa = PBXBuildFile; fileRef = A6908142D65605FE1D58C1AE /* Warehouse.swift */; };
		A2A38FD8CE2FB51B55D2F755 /* AdaptiveRootView.swift in Sources */ = {isa = PBXBuildFile; fileRef = 2E4ECAF4493CB619B2F19A90 /* AdaptiveRootView.swift */; };
		A36AE2752621D3854B40CCE2 /* RefillWizardViewModel.swift in Sources */ = {isa = PBXBuildFile; fileRef = 9D17D5562BFC75116621B04A /* RefillWizardViewModel.swift */; };
		A522F0B50B637D736631E2FA /* ProductDetailSheet.swift in Sources */ = {isa = PBXBuildFile; fileRef = 25C77EB4B16044F00FE97E2E /* ProductDetailSheet.swift */; };
		A7761D7EC67B223B1E28E056 /* InboxView.swift in Sources */ = {isa = PBXBuildFile; fileRef = F42986C118001765E3A6920B /* InboxView.swift */; };
		AA13EF47D6617718D15E18EF /* AnalyticsKPIGroup.swift in Sources */ = {isa = PBXBuildFile; fileRef = A93353C2241F88AC5749AA08 /* AnalyticsKPIGroup.swift */; };
		AD28437ACBB0F0A443AA458E /* RegisterView.swift in Sources */ = {isa = PBXBuildFile; fileRef = 813681CDE6C321A49F84A20B /* RegisterView.swift */; };
		AFD4D9E541002B8B1DFE6386 /* ProductBatchesView.swift in Sources */ = {isa = PBXBuildFile; fileRef = 9467ACC9B6971BEDE1EEDED4 /* ProductBatchesView.swift */; };
		B274325852BED5CF815DDA42 /* Organization.swift in Sources */ = {isa = PBXBuildFile; fileRef = E7F443AA9AA51CCB3B6A7C75 /* Organization.swift */; };
		B5D2C7810233FD5E56DB92FE /* CashBookCard.swift in Sources */ = {isa = PBXBuildFile; fileRef = 56C4CC4DC476041601432ECA /* CashBookCard.swift */; };
		BA2A1DA46A8F97997C993449 /* RefillStepView.swift in Sources */ = {isa = PBXBuildFile; fileRef = B84F596B8E26B3A5377BCAA0 /* RefillStepView.swift */; };
		BB47F1A487862AA410FF9E58 /* ServerStore.swift in Sources */ = {isa = PBXBuildFile; fileRef = 81E4EBBB3677A660B6E57BD2 /* ServerStore.swift */; };
		BE954A375ED01316E322C570 /* BarcodeScannerView.swift in Sources */ = {isa = PBXBuildFile; fileRef = 822CB83FD364F5DCF05D6213 /* BarcodeScannerView.swift */; };
		BEE87BCF91FBF732036F5D34 /* ProductsView.swift in Sources */ = {isa = PBXBuildFile; fileRef = 2B17A2CD3A0F549B76FAFF29 /* ProductsView.swift */; };
		BF46130EC5DF347899F9BFC5 /* AnalyticsSortableList.swift in Sources */ = {isa = PBXBuildFile; fileRef = 8CBB31559F4E22C346E40826 /* AnalyticsSortableList.swift */; };
		C2A2406A5D534A262F1CB0BA /* Sale.swift in Sources */ = {isa = PBXBuildFile; fileRef = 79D8F4403556EBD0620DEECF /* Sale.swift */; };
		C6C3F5A9A4DD93B937E70446 /* FlowVisualisationCard.swift in Sources */ = {isa = PBXBuildFile; fileRef = 4F7A80FB302C6380E0788244 /* FlowVisualisationCard.swift */; };
		C8CFA483AB0C273F0B8009B0 /* AppNavigation.swift in Sources */ = {isa = PBXBuildFile; fileRef = 5BEBD09944FEF671809C2788 /* AppNavigation.swift */; };
		CF28029DE37E256E1554DA8D /* NotificationService.swift in Sources */ = {isa = PBXBuildFile; fileRef = 79D0846AC36BBA1BBDC87E68 /* NotificationService.swift */; };
		D26A6A4A55DF5DC1587BAD9A /* Assets.xcassets in Resources */ = {isa = PBXBuildFile; fileRef = 70B6B1A9D2611C8B7EE53EDC /* Assets.xcassets */; };
		D5A899832BE2B66298060F7C /* CashBookViewModel.swift in Sources */ = {isa = PBXBuildFile; fileRef = BBEC3C69228B5189BCD8B513 /* CashBookViewModel.swift */; };
		D87208736751BB897289C9B6 /* WarehouseView.swift in Sources */ = {isa = PBXBuildFile; fileRef = FEABE7DE0463DA34A9DB9FB9 /* WarehouseView.swift */; };
		D88E0EB43AF2F7FE4977B3C9 /* NotificationService.swift in Sources */ = {isa = PBXBuildFile; fileRef = 285CDF78E1AA2017C62282F8 /* NotificationService.swift */; };
		DA9D08029AED0D27882468AF /* Inbox.swift in Sources */ = {isa = PBXBuildFile; fileRef = 09910CF5FF28B2094BC5AEB1 /* Inbox.swift */; };
		DB59F86A2E67E4D7B603D1E7 /* CompactTabView.swift in Sources */ = {isa = PBXBuildFile; fileRef = 453803D692FAEE4E9DDA1040 /* CompactTabView.swift */; };
		E161A2145944F1B03E599290 /* SidebarNavigationView.swift in Sources */ = {isa = PBXBuildFile; fileRef = 994B0EDA9D03328A131F4664 /* SidebarNavigationView.swift */; };
		E49EF3FACFF4F910A4F7AA1F /* ProductImage.swift in Sources */ = {isa = PBXBuildFile; fileRef = 3A1ABF4B45C7B0D2415238F6 /* ProductImage.swift */; };
		F0501A7FD0A96B9377D2DCCF /* SupabaseService.swift in Sources */ = {isa = PBXBuildFile; fileRef = 70E364431AFD63E8DE1238E3 /* SupabaseService.swift */; };
		F05ADB26490C6AA51FFDF066 /* AnalyticsHeatmap.swift in Sources */ = {isa = PBXBuildFile; fileRef = 90B623903EDA994CE7DA5A7F /* AnalyticsHeatmap.swift */; };
		F4C8EB2697C216371012CB06 /* DealCard.swift in Sources */ = {isa = PBXBuildFile; fileRef = F6D19B501E340C90B0032C32 /* DealCard.swift */; };
		F65C2BAC5F1F46AB4788DECF /* Localizable.xcstrings in Resources */ = {isa = PBXBuildFile; fileRef = 1C6D6D60C1508A2B07975E1F /* Localizable.xcstrings */; };
		F9ED3640AECA682247FEB81A /* DealsView.swift in Sources */ = {isa = PBXBuildFile; fileRef = 64E2C159F72B60828783FDAE /* DealsView.swift */; };
		FA92F123C410DDE5A56A5EF7 /* RealtimeService.swift in Sources */ = {isa = PBXBuildFile; fileRef = 5AE7FC95E2E89DD0AC7A6981 /* RealtimeService.swift */; };
		FC4BDD80D3206D8371102740 /* AnalyticsRootView.swift in Sources */ = {isa = PBXBuildFile; fileRef = E3136D8D239316230A8B0B4E /* AnalyticsRootView.swift */; };
		FD90F92A011D910E59544A84 /* AnalyticsFilterSheet.swift in Sources */ = {isa = PBXBuildFile; fileRef = 81762E79969C584FDFE5233C /* AnalyticsFilterSheet.swift */; };
		FDA63D4358CC508737E8C10F /* AuthService.swift in Sources */ = {isa = PBXBuildFile; fileRef = AC323B6816B89C5044F50027 /* AuthService.swift */; };
		FE4C794519B8D88EA6886C0A /* StockBar.swift in Sources */ = {isa = PBXBuildFile; fileRef = 204427FECDDE3A1BB3CB316C /* StockBar.swift */; };
/* End PBXBuildFile section */

/* Begin PBXContainerItemProxy section */
		3DCB07D158719116ACE92769 /* PBXContainerItemProxy */ = {
			isa = PBXContainerItemProxy;
			containerPortal = C39325D98C9AAD78241F928A /* Project object */;
			proxyType = 1;
			remoteGlobalIDString = BCEC60B9A13CA9D51150CC0F;
			remoteInfo = NotificationService;
		};
/* End PBXContainerItemProxy section */

/* Begin PBXCopyFilesBuildPhase section */
		C10109D18CCF8E523E31F1B0 /* Embed Foundation Extensions */ = {
			isa = PBXCopyFilesBuildPhase;
			buildActionMask = 2147483647;
			dstPath = "";
			dstSubfolderSpec = 13;
			files = (
				401CB3D07548694B7E517E3B /* NotificationService.appex in Embed Foundation Extensions */,
			);
			name = "Embed Foundation Extensions";
			runOnlyForDeploymentPostprocessing = 0;
		};
/* End PBXCopyFilesBuildPhase section */

/* Begin PBXFileReference section */
		01C39E8B27FCFB5B0EED36FA /* TrayListView.swift */ = {isa = PBXFileReference; lastKnownFileType = sourcecode.swift; path = TrayListView.swift; sourceTree = "<group>"; };
		045C58B5757C2E8C18819C83 /* DealsViewModel.swift */ = {isa = PBXFileReference; lastKnownFileType = sourcecode.swift; path = DealsViewModel.swift; sourceTree = "<group>"; };
		09910CF5FF28B2094BC5AEB1 /* Inbox.swift */ = {isa = PBXFileReference; lastKnownFileType = sourcecode.swift; path = Inbox.swift; sourceTree = "<group>"; };
		0AE2420C36DFAC7C4394E774 /* HapticFeedback.swift */ = {isa = PBXFileReference; lastKnownFileType = sourcecode.swift; path = HapticFeedback.swift; sourceTree = "<group>"; };
		0C4757F332F815A5F5300AC8 /* SettingsView.swift */ = {isa = PBXFileReference; lastKnownFileType = sourcecode.swift; path = SettingsView.swift; sourceTree = "<group>"; };
		0DCE1D189B536C04A31EB746 /* ProductEditSheet.swift */ = {isa = PBXFileReference; lastKnownFileType = sourcecode.swift; path = ProductEditSheet.swift; sourceTree = "<group>"; };
		1487CE4298A40E1151C3AB21 /* Info.plist */ = {isa = PBXFileReference; lastKnownFileType = text.plist; path = Info.plist; sourceTree = "<group>"; };
		16E021E42CD9C7C92936F706 /* DashboardViewModel.swift */ = {isa = PBXFileReference; lastKnownFileType = sourcecode.swift; path = DashboardViewModel.swift; sourceTree = "<group>"; };
		1C6D6D60C1508A2B07975E1F /* Localizable.xcstrings */ = {isa = PBXFileReference; lastKnownFileType = text.json.xcstrings; path = Localizable.xcstrings; sourceTree = "<group>"; };
		204427FECDDE3A1BB3CB316C /* StockBar.swift */ = {isa = PBXFileReference; lastKnownFileType = sourcecode.swift; path = StockBar.swift; sourceTree = "<group>"; };
		215EDEE2A21B82EE7D2ED841 /* Debug.xcconfig */ = {isa = PBXFileReference; lastKnownFileType = text.xcconfig; path = Debug.xcconfig; sourceTree = "<group>"; };
		25C77EB4B16044F00FE97E2E /* ProductDetailSheet.swift */ = {isa = PBXFileReference; lastKnownFileType = sourcecode.swift; path = ProductDetailSheet.swift; sourceTree = "<group>"; };
		262B82892D49D5104059509A /* DealDetailSheet.swift */ = {isa = PBXFileReference; lastKnownFileType = sourcecode.swift; path = DealDetailSheet.swift; sourceTree = "<group>"; };
		285CDF78E1AA2017C62282F8 /* NotificationService.swift */ = {isa = PBXFileReference; lastKnownFileType = sourcecode.swift; path = NotificationService.swift; sourceTree = "<group>"; };
		2B17A2CD3A0F549B76FAFF29 /* ProductsView.swift */ = {isa = PBXFileReference; lastKnownFileType = sourcecode.swift; path = ProductsView.swift; sourceTree = "<group>"; };
		2D260DBBBEC69D0AD7B73C46 /* Tray.swift */ = {isa = PBXFileReference; lastKnownFileType = sourcecode.swift; path = Tray.swift; sourceTree = "<group>"; };
		2E4ECAF4493CB619B2F19A90 /* AdaptiveRootView.swift */ = {isa = PBXFileReference; lastKnownFileType = sourcecode.swift; path = AdaptiveRootView.swift; sourceTree = "<group>"; };
		2FAA61B154F7ABC2401C2CCA /* QRScannerView.swift */ = {isa = PBXFileReference; lastKnownFileType = sourcecode.swift; path = QRScannerView.swift; sourceTree = "<group>"; };
		357877F547C30B7565611780 /* AddServerView.swift */ = {isa = PBXFileReference; lastKnownFileType = sourcecode.swift; path = AddServerView.swift; sourceTree = "<group>"; };
		37A932859D1B7FE49EB4FDE0 /* Release.xcconfig */ = {isa = PBXFileReference; lastKnownFileType = text.xcconfig; path = Release.xcconfig; sourceTree = "<group>"; };
		3A1ABF4B45C7B0D2415238F6 /* ProductImage.swift */ = {isa = PBXFileReference; lastKnownFileType = sourcecode.swift; path = ProductImage.swift; sourceTree = "<group>"; };
		3B0D3D4BFCEB1A362499B0C9 /* WithdrawalSheet.swift */ = {isa = PBXFileReference; lastKnownFileType = sourcecode.swift; path = WithdrawalSheet.swift; sourceTree = "<group>"; };
		3B84189DCC212B6DBBF84DEB /* MachineDetailViewModel.swift */ = {isa = PBXFileReference; lastKnownFileType = sourcecode.swift; path = MachineDetailViewModel.swift; sourceTree = "<group>"; };
		453803D692FAEE4E9DDA1040 /* CompactTabView.swift */ = {isa = PBXFileReference; lastKnownFileType = sourcecode.swift; path = CompactTabView.swift; sourceTree = "<group>"; };
		45AE89831021CC12416B0F89 /* VMflow.entitlements */ = {isa = PBXFileReference; lastKnownFileType = text.plist.entitlements; path = VMflow.entitlements; sourceTree = "<group>"; };
		496AADA2A0C49A331A85311A /* TrayRow.swift */ = {isa = PBXFileReference; lastKnownFileType = sourcecode.swift; path = TrayRow.swift; sourceTree = "<group>"; };
		4E7EC46F36DD12575C056A1A /* VendingMachine.swift */ = {isa = PBXFileReference; lastKnownFileType = sourcecode.swift; path = VendingMachine.swift; sourceTree = "<group>"; };
		4F7A80FB302C6380E0788244 /* FlowVisualisationCard.swift */ = {isa = PBXFileReference; lastKnownFileType = sourcecode.swift; path = FlowVisualisationCard.swift; sourceTree = "<group>"; };
		52A29D496BDB69F848C60674 /* RefillWizardView.swift */ = {isa = PBXFileReference; lastKnownFileType = sourcecode.swift; path = RefillWizardView.swift; sourceTree = "<group>"; };
		53A6211078603D2C7AD0EAD7 /* KPICard.swift */ = {isa = PBXFileReference; lastKnownFileType = sourcecode.swift; path = KPICard.swift; sourceTree = "<group>"; };
		55B32C8EEFABC9DADF2C73DD /* LoginView.swift */ = {isa = PBXFileReference; lastKnownFileType = sourcecode.swift; path = LoginView.swift; sourceTree = "<group>"; };
		56C4CC4DC476041601432ECA /* CashBookCard.swift */ = {isa = PBXFileReference; lastKnownFileType = sourcecode.swift; path = CashBookCard.swift; sourceTree = "<group>"; };
		5AE7FC95E2E89DD0AC7A6981 /* RealtimeService.swift */ = {isa = PBXFileReference; lastKnownFileType = sourcecode.swift; path = RealtimeService.swift; sourceTree = "<group>"; };
		5BEBD09944FEF671809C2788 /* AppNavigation.swift */ = {isa = PBXFileReference; lastKnownFileType = sourcecode.swift; path = AppNavigation.swift; sourceTree = "<group>"; };
		640C0F6F1E6E4CBDF96B7F39 /* NotificationService.appex */ = {isa = PBXFileReference; includeInIndex = 0; lastKnownFileType = "wrapper.app-extension"; path = NotificationService.appex; sourceTree = BUILT_PRODUCTS_DIR; };
		64E2C159F72B60828783FDAE /* DealsView.swift */ = {isa = PBXFileReference; lastKnownFileType = sourcecode.swift; path = DealsView.swift; sourceTree = "<group>"; };
		6FDCE7F9F6A8794B7E407AE6 /* AnalyticsFilter.swift */ = {isa = PBXFileReference; lastKnownFileType = sourcecode.swift; path = AnalyticsFilter.swift; sourceTree = "<group>"; };
		70B6B1A9D2611C8B7EE53EDC /* Assets.xcassets */ = {isa = PBXFileReference; lastKnownFileType = folder.assetcatalog; path = Assets.xcassets; sourceTree = "<group>"; };
		70E364431AFD63E8DE1238E3 /* SupabaseService.swift */ = {isa = PBXFileReference; lastKnownFileType = sourcecode.swift; path = SupabaseService.swift; sourceTree = "<group>"; };
		79D0846AC36BBA1BBDC87E68 /* NotificationService.swift */ = {isa = PBXFileReference; lastKnownFileType = sourcecode.swift; path = NotificationService.swift; sourceTree = "<group>"; };
		79D8F4403556EBD0620DEECF /* Sale.swift */ = {isa = PBXFileReference; lastKnownFileType = sourcecode.swift; path = Sale.swift; sourceTree = "<group>"; };
		7D17C7D7E21DDD2FDA3F7F48 /* MultiBarkasseCashBlock.swift */ = {isa = PBXFileReference; lastKnownFileType = sourcecode.swift; path = MultiBarkasseCashBlock.swift; sourceTree = "<group>"; };
		7E9A5023EED5804698A679E6 /* TrayViewModel.swift */ = {isa = PBXFileReference; lastKnownFileType = sourcecode.swift; path = TrayViewModel.swift; sourceTree = "<group>"; };
		813681CDE6C321A49F84A20B /* RegisterView.swift */ = {isa = PBXFileReference; lastKnownFileType = sourcecode.swift; path = RegisterView.swift; sourceTree = "<group>"; };
		81762E79969C584FDFE5233C /* AnalyticsFilterSheet.swift */ = {isa = PBXFileReference; lastKnownFileType = sourcecode.swift; path = AnalyticsFilterSheet.swift; sourceTree = "<group>"; };
		81E4EBBB3677A660B6E57BD2 /* ServerStore.swift */ = {isa = PBXFileReference; lastKnownFileType = sourcecode.swift; path = ServerStore.swift; sourceTree = "<group>"; };
		822CB83FD364F5DCF05D6213 /* BarcodeScannerView.swift */ = {isa = PBXFileReference; lastKnownFileType = sourcecode.swift; path = BarcodeScannerView.swift; sourceTree = "<group>"; };
		84AF9FDF2E1ADB75E706F23A /* WarehouseViewModel.swift */ = {isa = PBXFileReference; lastKnownFileType = sourcecode.swift; path = WarehouseViewModel.swift; sourceTree = "<group>"; };
		85E188D4F38B0B3DB63805E7 /* InboxViewModel.swift */ = {isa = PBXFileReference; lastKnownFileType = sourcecode.swift; path = InboxViewModel.swift; sourceTree = "<group>"; };
		8AEDEC41AB195897D4F6BC89 /* VMflow.app */ = {isa = PBXFileReference; includeInIndex = 0; lastKnownFileType = wrapper.application; path = VMflow.app; sourceTree = BUILT_PRODUCTS_DIR; };
		8B044726A1D09F334DDB0851 /* BatchAdjustSheet.swift */ = {isa = PBXFileReference; lastKnownFileType = sourcecode.swift; path = BatchAdjustSheet.swift; sourceTree = "<group>"; };
		8CBB31559F4E22C346E40826 /* AnalyticsSortableList.swift */ = {isa = PBXFileReference; lastKnownFileType = sourcecode.swift; path = AnalyticsSortableList.swift; sourceTree = "<group>"; };
		8ED1159C55CAF705215AD130 /* VMflowApp.swift */ = {isa = PBXFileReference; lastKnownFileType = sourcecode.swift; path = VMflowApp.swift; sourceTree = "<group>"; };
		8F302EE40A7DDA1135B7A9D7 /* MachineDetailView.swift */ = {isa = PBXFileReference; lastKnownFileType = sourcecode.swift; path = MachineDetailView.swift; sourceTree = "<group>"; };
		90B623903EDA994CE7DA5A7F /* AnalyticsHeatmap.swift */ = {isa = PBXFileReference; lastKnownFileType = sourcecode.swift; path = AnalyticsHeatmap.swift; sourceTree = "<group>"; };
		90BC01B0752A47A20DF699E7 /* PackingStepView.swift */ = {isa = PBXFileReference; lastKnownFileType = sourcecode.swift; path = PackingStepView.swift; sourceTree = "<group>"; };
		9467ACC9B6971BEDE1EEDED4 /* ProductBatchesView.swift */ = {isa = PBXFileReference; lastKnownFileType = sourcecode.swift; path = ProductBatchesView.swift; sourceTree = "<group>"; };
		9690B8B0412F05E68303EA15 /* RefillSummaryView.swift */ = {isa = PBXFileReference; lastKnownFileType = sourcecode.swift; path = RefillSummaryView.swift; sourceTree = "<group>"; };
		994B0EDA9D03328A131F4664 /* SidebarNavigationView.swift */ = {isa = PBXFileReference; lastKnownFileType = sourcecode.swift; path = SidebarNavigationView.swift; sourceTree = "<group>"; };
		9C98118B90638CE2F176B419 /* Deal.swift */ = {isa = PBXFileReference; lastKnownFileType = sourcecode.swift; path = Deal.swift; sourceTree = "<group>"; };
		9D17D5562BFC75116621B04A /* RefillWizardViewModel.swift */ = {isa = PBXFileReference; lastKnownFileType = sourcecode.swift; path = RefillWizardViewModel.swift; sourceTree = "<group>"; };
		A6908142D65605FE1D58C1AE /* Warehouse.swift */ = {isa = PBXFileReference; lastKnownFileType = sourcecode.swift; path = Warehouse.swift; sourceTree = "<group>"; };
		A8B6CB1492BFAA927C077A18 /* MachineListView.swift */ = {isa = PBXFileReference; lastKnownFileType = sourcecode.swift; path = MachineListView.swift; sourceTree = "<group>"; };
		A93353C2241F88AC5749AA08 /* AnalyticsKPIGroup.swift */ = {isa = PBXFileReference; lastKnownFileType = sourcecode.swift; path = AnalyticsKPIGroup.swift; sourceTree = "<group>"; };
		AA025EB66EB06769C3EFC9EB /* AnalyticsChart.swift */ = {isa = PBXFileReference; lastKnownFileType = sourcecode.swift; path = AnalyticsChart.swift; sourceTree = "<group>"; };
		AC27FF5E0A1C34BCE4ACCDBE /* StatusBadge.swift */ = {isa = PBXFileReference; lastKnownFileType = sourcecode.swift; path = StatusBadge.swift; sourceTree = "<group>"; };
		AC323B6816B89C5044F50027 /* AuthService.swift */ = {isa = PBXFileReference; lastKnownFileType = sourcecode.swift; path = AuthService.swift; sourceTree = "<group>"; };
		B84F596B8E26B3A5377BCAA0 /* RefillStepView.swift */ = {isa = PBXFileReference; lastKnownFileType = sourcecode.swift; path = RefillStepView.swift; sourceTree = "<group>"; };
		BBEC3C69228B5189BCD8B513 /* CashBookViewModel.swift */ = {isa = PBXFileReference; lastKnownFileType = sourcecode.swift; path = CashBookViewModel.swift; sourceTree = "<group>"; };
		C35FC72F3ED743C438F7C738 /* LocalNetworkPermission.swift */ = {isa = PBXFileReference; lastKnownFileType = sourcecode.swift; path = LocalNetworkPermission.swift; sourceTree = "<group>"; };
		C374A772F98B97BE6F2EE986 /* ReviewStepView.swift */ = {isa = PBXFileReference; lastKnownFileType = sourcecode.swift; path = ReviewStepView.swift; sourceTree = "<group>"; };
		C560BD5344EA89391E6A3721 /* CashBookView.swift */ = {isa = PBXFileReference; lastKnownFileType = sourcecode.swift; path = CashBookView.swift; sourceTree = "<group>"; };
		C67EF9594F3D482E240493C0 /* DashboardView.swift */ = {isa = PBXFileReference; lastKnownFileType = sourcecode.swift; path = DashboardView.swift; sourceTree = "<group>"; };
		C78B6E7FAFE28A4523530D02 /* MachineCard.swift */ = {isa = PBXFileReference; lastKnownFileType = sourcecode.swift; path = MachineCard.swift; sourceTree = "<group>"; };
		CA772EA0093974ACECD47777 /* Info.plist */ = {isa = PBXFileReference; lastKnownFileType = text.plist; path = Info.plist; sourceTree = "<group>"; };
		CA94DE3092E2B07986626697 /* Product.swift */ = {isa = PBXFileReference; lastKnownFileType = sourcecode.swift; path = Product.swift; sourceTree = "<group>"; };
		D372AA15A5282B4FB81859BB /* CashBook.swift */ = {isa = PBXFileReference; lastKnownFileType = sourcecode.swift; path = CashBook.swift; sourceTree = "<group>"; };
		D804593DB549A7A2E7E661FE /* ComparePeriodBadge.swift */ = {isa = PBXFileReference; lastKnownFileType = sourcecode.swift; path = ComparePeriodBadge.swift; sourceTree = "<group>"; };
		DA9AFCFBBB69EB2C1D2AD547 /* AppDelegate.swift */ = {isa = PBXFileReference; lastKnownFileType = sourcecode.swift; path = AppDelegate.swift; sourceTree = "<group>"; };
		DADFA44860969534CCE30E67 /* ServerEntry.swift */ = {isa = PBXFileReference; lastKnownFileType = sourcecode.swift; path = ServerEntry.swift; sourceTree = "<group>"; };
		E3136D8D239316230A8B0B4E /* AnalyticsRootView.swift */ = {isa = PBXFileReference; lastKnownFileType = sourcecode.swift; path = AnalyticsRootView.swift; sourceTree = "<group>"; };
		E6C97FF39451173E8B85466B /* MachineListViewModel.swift */ = {isa = PBXFileReference; lastKnownFileType = sourcecode.swift; path = MachineListViewModel.swift; sourceTree = "<group>"; };
		E7F443AA9AA51CCB3B6A7C75 /* Organization.swift */ = {isa = PBXFileReference; lastKnownFileType = sourcecode.swift; path = Organization.swift; sourceTree = "<group>"; };
		EAA8256D3F29DAABC995F8FF /* EntriesListSection.swift */ = {isa = PBXFileReference; lastKnownFileType = sourcecode.swift; path = EntriesListSection.swift; sourceTree = "<group>"; };
		EBE58555E475171EA231EDB4 /* ServerSelectionSheet.swift */ = {isa = PBXFileReference; lastKnownFileType = sourcecode.swift; path = ServerSelectionSheet.swift; sourceTree = "<group>"; };
		ED91CAD5148AD5C6C0991BD3 /* TrayEditSheet.swift */ = {isa = PBXFileReference; lastKnownFileType = sourcecode.swift; path = TrayEditSheet.swift; sourceTree = "<group>"; };
		F19B9E91048E1CDAC7C689E9 /* BankDepositSheet.swift */ = {isa = PBXFileReference; lastKnownFileType = sourcecode.swift; path = BankDepositSheet.swift; sourceTree = "<group>"; };
		F42986C118001765E3A6920B /* InboxView.swift */ = {isa = PBXFileReference; lastKnownFileType = sourcecode.swift; path = InboxView.swift; sourceTree = "<group>"; };
		F5AEF7E62775F83FFCD0149A /* MachinesSplitView.swift */ = {isa = PBXFileReference; lastKnownFileType = sourcecode.swift; path = MachinesSplitView.swift; sourceTree = "<group>"; };
		F6D19B501E340C90B0032C32 /* DealCard.swift */ = {isa = PBXFileReference; lastKnownFileType = sourcecode.swift; path = DealCard.swift; sourceTree = "<group>"; };
		F7F1BF54F8FA6B86DA5380F6 /* ProductsViewModel.swift */ = {isa = PBXFileReference; lastKnownFileType = sourcecode.swift; path = ProductsViewModel.swift; sourceTree = "<group>"; };
		FEABE7DE0463DA34A9DB9FB9 /* WarehouseView.swift */ = {isa = PBXFileReference; lastKnownFileType = sourcecode.swift; path = WarehouseView.swift; sourceTree = "<group>"; };
/* End PBXFileReference section */

/* Begin PBXFrameworksBuildPhase section */
		CD4D26070950CCEFF183670D /* Frameworks */ = {
			isa = PBXFrameworksBuildPhase;
			buildActionMask = 2147483647;
			files = (
				237C6C70C5941B38ADA61979 /* Supabase in Frameworks */,
			);
			runOnlyForDeploymentPostprocessing = 0;
		};
/* End PBXFrameworksBuildPhase section */

/* Begin PBXGroup section */
		0027C46851E4D2A841666B4B /* Models */ = {
			isa = PBXGroup;
			children = (
				6FDCE7F9F6A8794B7E407AE6 /* AnalyticsFilter.swift */,
				D372AA15A5282B4FB81859BB /* CashBook.swift */,
				9C98118B90638CE2F176B419 /* Deal.swift */,
				09910CF5FF28B2094BC5AEB1 /* Inbox.swift */,
				E7F443AA9AA51CCB3B6A7C75 /* Organization.swift */,
				CA94DE3092E2B07986626697 /* Product.swift */,
				79D8F4403556EBD0620DEECF /* Sale.swift */,
				DADFA44860969534CCE30E67 /* ServerEntry.swift */,
				2D260DBBBEC69D0AD7B73C46 /* Tray.swift */,
				4E7EC46F36DD12575C056A1A /* VendingMachine.swift */,
				A6908142D65605FE1D58C1AE /* Warehouse.swift */,
			);
			path = Models;
			sourceTree = "<group>";
		};
		10F836B503F110C8EC668E34 /* Inbox */ = {
			isa = PBXGroup;
			children = (
				F42986C118001765E3A6920B /* InboxView.swift */,
			);
			path = Inbox;
			sourceTree = "<group>";
		};
		151FEAAAAFCE27FD9ABC63F5 /* Components */ = {
			isa = PBXGroup;
			children = (
				822CB83FD364F5DCF05D6213 /* BarcodeScannerView.swift */,
				53A6211078603D2C7AD0EAD7 /* KPICard.swift */,
				3A1ABF4B45C7B0D2415238F6 /* ProductImage.swift */,
				AC27FF5E0A1C34BCE4ACCDBE /* StatusBadge.swift */,
				204427FECDDE3A1BB3CB316C /* StockBar.swift */,
			);
			path = Components;
			sourceTree = "<group>";
		};
		1633A09D8C71104301B729CB /* Configurations */ = {
			isa = PBXGroup;
			children = (
				215EDEE2A21B82EE7D2ED841 /* Debug.xcconfig */,
				37A932859D1B7FE49EB4FDE0 /* Release.xcconfig */,
			);
			path = Configurations;
			sourceTree = "<group>";
		};
		1E65690806067FF339F02410 /* Refill */ = {
			isa = PBXGroup;
			children = (
				90BC01B0752A47A20DF699E7 /* PackingStepView.swift */,
				B84F596B8E26B3A5377BCAA0 /* RefillStepView.swift */,
				9690B8B0412F05E68303EA15 /* RefillSummaryView.swift */,
				52A29D496BDB69F848C60674 /* RefillWizardView.swift */,
				C374A772F98B97BE6F2EE986 /* ReviewStepView.swift */,
			);
			path = Refill;
			sourceTree = "<group>";
		};
		1FBFCFC97325A6C6D9B8D065 /* Utilities */ = {
			isa = PBXGroup;
			children = (
				0AE2420C36DFAC7C4394E774 /* HapticFeedback.swift */,
			);
			path = Utilities;
			sourceTree = "<group>";
		};
		33A81DFE434FE62A425143E9 /* Navigation */ = {
			isa = PBXGroup;
			children = (
				2E4ECAF4493CB619B2F19A90 /* AdaptiveRootView.swift */,
				5BEBD09944FEF671809C2788 /* AppNavigation.swift */,
				453803D692FAEE4E9DDA1040 /* CompactTabView.swift */,
				994B0EDA9D03328A131F4664 /* SidebarNavigationView.swift */,
			);
			path = Navigation;
			sourceTree = "<group>";
		};
		4176F60E9E99B4F0A5C20220 /* Components */ = {
			isa = PBXGroup;
			children = (
				AA025EB66EB06769C3EFC9EB /* AnalyticsChart.swift */,
				90B623903EDA994CE7DA5A7F /* AnalyticsHeatmap.swift */,
				A93353C2241F88AC5749AA08 /* AnalyticsKPIGroup.swift */,
				8CBB31559F4E22C346E40826 /* AnalyticsSortableList.swift */,
				D804593DB549A7A2E7E661FE /* ComparePeriodBadge.swift */,
			);
			path = Components;
			sourceTree = "<group>";
		};
		50FA058BB16C4A1997C4B32E /* Machines */ = {
			isa = PBXGroup;
			children = (
				C78B6E7FAFE28A4523530D02 /* MachineCard.swift */,
				8F302EE40A7DDA1135B7A9D7 /* MachineDetailView.swift */,
				A8B6CB1492BFAA927C077A18 /* MachineListView.swift */,
				F5AEF7E62775F83FFCD0149A /* MachinesSplitView.swift */,
			);
			path = Machines;
			sourceTree = "<group>";
		};
		58B62D1DB456E1297ED7E44D /* Products */ = {
			isa = PBXGroup;
			children = (
				25C77EB4B16044F00FE97E2E /* ProductDetailSheet.swift */,
				0DCE1D189B536C04A31EB746 /* ProductEditSheet.swift */,
				2B17A2CD3A0F549B76FAFF29 /* ProductsView.swift */,
			);
			path = Products;
			sourceTree = "<group>";
		};
		5ADBE508EDBC5E52ED2C2F08 /* Trays */ = {
			isa = PBXGroup;
			children = (
				ED91CAD5148AD5C6C0991BD3 /* TrayEditSheet.swift */,
				01C39E8B27FCFB5B0EED36FA /* TrayListView.swift */,
				496AADA2A0C49A331A85311A /* TrayRow.swift */,
			);
			path = Trays;
			sourceTree = "<group>";
		};
		7A6705F8C8A1E13AC410D72D /* Products */ = {
			isa = PBXGroup;
			children = (
				640C0F6F1E6E4CBDF96B7F39 /* NotificationService.appex */,
				8AEDEC41AB195897D4F6BC89 /* VMflow.app */,
			);
			name = Products;
			sourceTree = "<group>";
		};
		85FF92183B09CF423211979F /* Deals */ = {
			isa = PBXGroup;
			children = (
				F6D19B501E340C90B0032C32 /* DealCard.swift */,
				262B82892D49D5104059509A /* DealDetailSheet.swift */,
				64E2C159F72B60828783FDAE /* DealsView.swift */,
			);
			path = Deals;
			sourceTree = "<group>";
		};
		9FABBE1AE0EDE7E452EE5914 /* Settings */ = {
			isa = PBXGroup;
			children = (
				0C4757F332F815A5F5300AC8 /* SettingsView.swift */,
			);
			path = Settings;
			sourceTree = "<group>";
		};
		AB159947A661761F733E13D3 /* Auth */ = {
			isa = PBXGroup;
			children = (
				357877F547C30B7565611780 /* AddServerView.swift */,
				55B32C8EEFABC9DADF2C73DD /* LoginView.swift */,
				2FAA61B154F7ABC2401C2CCA /* QRScannerView.swift */,
				813681CDE6C321A49F84A20B /* RegisterView.swift */,
				EBE58555E475171EA231EDB4 /* ServerSelectionSheet.swift */,
			);
			path = Auth;
			sourceTree = "<group>";
		};
		BA69BE2898BA7064DAC9A74C /* ViewModels */ = {
			isa = PBXGroup;
			children = (
				BBEC3C69228B5189BCD8B513 /* CashBookViewModel.swift */,
				16E021E42CD9C7C92936F706 /* DashboardViewModel.swift */,
				045C58B5757C2E8C18819C83 /* DealsViewModel.swift */,
				85E188D4F38B0B3DB63805E7 /* InboxViewModel.swift */,
				3B84189DCC212B6DBBF84DEB /* MachineDetailViewModel.swift */,
				E6C97FF39451173E8B85466B /* MachineListViewModel.swift */,
				F7F1BF54F8FA6B86DA5380F6 /* ProductsViewModel.swift */,
				9D17D5562BFC75116621B04A /* RefillWizardViewModel.swift */,
				7E9A5023EED5804698A679E6 /* TrayViewModel.swift */,
				84AF9FDF2E1ADB75E706F23A /* WarehouseViewModel.swift */,
			);
			path = ViewModels;
			sourceTree = "<group>";
		};
		BE14217CB6C99484F615C697 /* NotificationService */ = {
			isa = PBXGroup;
			children = (
				1487CE4298A40E1151C3AB21 /* Info.plist */,
				79D0846AC36BBA1BBDC87E68 /* NotificationService.swift */,
			);
			path = NotificationService;
			sourceTree = "<group>";
		};
		BF51E4AD09A22863A7D2BDE5 /* CashBook */ = {
			isa = PBXGroup;
			children = (
				F19B9E91048E1CDAC7C689E9 /* BankDepositSheet.swift */,
				C560BD5344EA89391E6A3721 /* CashBookView.swift */,
				EAA8256D3F29DAABC995F8FF /* EntriesListSection.swift */,
				4F7A80FB302C6380E0788244 /* FlowVisualisationCard.swift */,
				7D17C7D7E21DDD2FDA3F7F48 /* MultiBarkasseCashBlock.swift */,
				3B0D3D4BFCEB1A362499B0C9 /* WithdrawalSheet.swift */,
			);
			path = CashBook;
			sourceTree = "<group>";
		};
		C0C9A4E98467B62E7FE1AFBD /* Views */ = {
			isa = PBXGroup;
			children = (
				C6805BEB47DF59DB91D04811 /* Analytics */,
				AB159947A661761F733E13D3 /* Auth */,
				BF51E4AD09A22863A7D2BDE5 /* CashBook */,
				151FEAAAAFCE27FD9ABC63F5 /* Components */,
				ED1C7C0A94AC9CBEA3615ABF /* Dashboard */,
				85FF92183B09CF423211979F /* Deals */,
				10F836B503F110C8EC668E34 /* Inbox */,
				50FA058BB16C4A1997C4B32E /* Machines */,
				58B62D1DB456E1297ED7E44D /* Products */,
				1E65690806067FF339F02410 /* Refill */,
				9FABBE1AE0EDE7E452EE5914 /* Settings */,
				5ADBE508EDBC5E52ED2C2F08 /* Trays */,
				D4C20ED2ED4AA5617E345840 /* Warehouse */,
			);
			path = Views;
			sourceTree = "<group>";
		};
		C6805BEB47DF59DB91D04811 /* Analytics */ = {
			isa = PBXGroup;
			children = (
				81762E79969C584FDFE5233C /* AnalyticsFilterSheet.swift */,
				E3136D8D239316230A8B0B4E /* AnalyticsRootView.swift */,
				4176F60E9E99B4F0A5C20220 /* Components */,
			);
			path = Analytics;
			sourceTree = "<group>";
		};
		D4C20ED2ED4AA5617E345840 /* Warehouse */ = {
			isa = PBXGroup;
			children = (
				8B044726A1D09F334DDB0851 /* BatchAdjustSheet.swift */,
				9467ACC9B6971BEDE1EEDED4 /* ProductBatchesView.swift */,
				FEABE7DE0463DA34A9DB9FB9 /* WarehouseView.swift */,
			);
			path = Warehouse;
			sourceTree = "<group>";
		};
		E5AACF6D3C19C123CD3894C2 /* Services */ = {
			isa = PBXGroup;
			children = (
				AC323B6816B89C5044F50027 /* AuthService.swift */,
				C35FC72F3ED743C438F7C738 /* LocalNetworkPermission.swift */,
				285CDF78E1AA2017C62282F8 /* NotificationService.swift */,
				5AE7FC95E2E89DD0AC7A6981 /* RealtimeService.swift */,
				81E4EBBB3677A660B6E57BD2 /* ServerStore.swift */,
				70E364431AFD63E8DE1238E3 /* SupabaseService.swift */,
			);
			path = Services;
			sourceTree = "<group>";
		};
		E910D6221FB91EB26FA5969A /* VMflow */ = {
			isa = PBXGroup;
			children = (
				DA9AFCFBBB69EB2C1D2AD547 /* AppDelegate.swift */,
				8ED1159C55CAF705215AD130 /* VMflowApp.swift */,
				0027C46851E4D2A841666B4B /* Models */,
				33A81DFE434FE62A425143E9 /* Navigation */,
				FE6A452CD90058B020886227 /* Resources */,
				E5AACF6D3C19C123CD3894C2 /* Services */,
				1FBFCFC97325A6C6D9B8D065 /* Utilities */,
				BA69BE2898BA7064DAC9A74C /* ViewModels */,
				C0C9A4E98467B62E7FE1AFBD /* Views */,
			);
			path = VMflow;
			sourceTree = "<group>";
		};
		ED1C7C0A94AC9CBEA3615ABF /* Dashboard */ = {
			isa = PBXGroup;
			children = (
				56C4CC4DC476041601432ECA /* CashBookCard.swift */,
				C67EF9594F3D482E240493C0 /* DashboardView.swift */,
			);
			path = Dashboard;
			sourceTree = "<group>";
		};
		EE34BCFF9B4E3D9CEE17C3A1 = {
			isa = PBXGroup;
			children = (
				1633A09D8C71104301B729CB /* Configurations */,
				BE14217CB6C99484F615C697 /* NotificationService */,
				E910D6221FB91EB26FA5969A /* VMflow */,
				7A6705F8C8A1E13AC410D72D /* Products */,
			);
			sourceTree = "<group>";
		};
		FE6A452CD90058B020886227 /* Resources */ = {
			isa = PBXGroup;
			children = (
				70B6B1A9D2611C8B7EE53EDC /* Assets.xcassets */,
				CA772EA0093974ACECD47777 /* Info.plist */,
				1C6D6D60C1508A2B07975E1F /* Localizable.xcstrings */,
				45AE89831021CC12416B0F89 /* VMflow.entitlements */,
			);
			path = Resources;
			sourceTree = "<group>";
		};
/* End PBXGroup section */

/* Begin PBXNativeTarget section */
		896CD9A61911762E88A22E98 /* VMflow */ = {
			isa = PBXNativeTarget;
			buildConfigurationList = 26BE41D140DC7534868B92A9 /* Build configuration list for PBXNativeTarget "VMflow" */;
			buildPhases = (
				D8695835E12245D68B90C6BF /* Auto-increment build number from git */,
				CF37A3A9F0065BB67F3BEE95 /* Sources */,
				674EE546BCC9074FF2AC9C96 /* Resources */,
				CD4D26070950CCEFF183670D /* Frameworks */,
				C10109D18CCF8E523E31F1B0 /* Embed Foundation Extensions */,
			);
			buildRules = (
			);
			dependencies = (
				820470393E1D3720A1FEEF2B /* PBXTargetDependency */,
			);
			name = VMflow;
			packageProductDependencies = (
				FB3502875FE29AF6391900A8 /* Supabase */,
			);
			productName = VMflow;
			productReference = 8AEDEC41AB195897D4F6BC89 /* VMflow.app */;
			productType = "com.apple.product-type.application";
		};
		BCEC60B9A13CA9D51150CC0F /* NotificationService */ = {
			isa = PBXNativeTarget;
			buildConfigurationList = 8B01E174516790830A434488 /* Build configuration list for PBXNativeTarget "NotificationService" */;
			buildPhases = (
				6FE562345F820A8173D948B4 /* Auto-increment extension build number from git */,
				4B3EBA3CFD23CD0EB01C415E /* Sources */,
			);
			buildRules = (
			);
			dependencies = (
			);
			name = NotificationService;
			packageProductDependencies = (
			);
			productName = NotificationService;
			productReference = 640C0F6F1E6E4CBDF96B7F39 /* NotificationService.appex */;
			productType = "com.apple.product-type.app-extension";
		};
/* End PBXNativeTarget section */

/* Begin PBXProject section */
		C39325D98C9AAD78241F928A /* Project object */ = {
			isa = PBXProject;
			attributes = {
				BuildIndependentTargetsInParallel = YES;
				LastUpgradeCheck = 1600;
				TargetAttributes = {
					896CD9A61911762E88A22E98 = {
						DevelopmentTeam = 4JT3V7XVXM;
						ProvisioningStyle = Automatic;
					};
					BCEC60B9A13CA9D51150CC0F = {
						DevelopmentTeam = 4JT3V7XVXM;
						ProvisioningStyle = Automatic;
					};
				};
			};
			buildConfigurationList = B1511EBE8EED6F28AF94BC8E /* Build configuration list for PBXProject "VMflow" */;
			developmentRegion = en;
			hasScannedForEncodings = 0;
			knownRegions = (
				Base,
				de,
				en,
			);
			mainGroup = EE34BCFF9B4E3D9CEE17C3A1;
			minimizedProjectReferenceProxies = 1;
			packageReferences = (
				11212191FAB3A08C935E93FA /* XCRemoteSwiftPackageReference "supabase-swift" */,
			);
			preferredProjectObjectVersion = 77;
			productRefGroup = 7A6705F8C8A1E13AC410D72D /* Products */;
			projectDirPath = "";
			projectRoot = "";
			targets = (
				BCEC60B9A13CA9D51150CC0F /* NotificationService */,
				896CD9A61911762E88A22E98 /* VMflow */,
			);
		};
/* End PBXProject section */

/* Begin PBXResourcesBuildPhase section */
		674EE546BCC9074FF2AC9C96 /* Resources */ = {
			isa = PBXResourcesBuildPhase;
			buildActionMask = 2147483647;
			files = (
				D26A6A4A55DF5DC1587BAD9A /* Assets.xcassets in Resources */,
				F65C2BAC5F1F46AB4788DECF /* Localizable.xcstrings in Resources */,
			);
			runOnlyForDeploymentPostprocessing = 0;
		};
/* End PBXResourcesBuildPhase section */

/* Begin PBXShellScriptBuildPhase section */
		6FE562345F820A8173D948B4 /* Auto-increment extension build number from git */ = {
			isa = PBXShellScriptBuildPhase;
			alwaysOutOfDate = 1;
			buildActionMask = 2147483647;
			files = (
			);
			inputFileListPaths = (
			);
			inputPaths = (
			);
			name = "Auto-increment extension build number from git";
			outputFileListPaths = (
			);
			outputPaths = (
			);
			runOnlyForDeploymentPostprocessing = 0;
			shellPath = /bin/sh;
			shellScript = "BUILD_NUM=$(git -C \"${SRCROOT}/..\" rev-list --count HEAD)\n/usr/libexec/PlistBuddy -c \"Set :CFBundleVersion $BUILD_NUM\" \"${SRCROOT}/NotificationService/Info.plist\"\n";
		};
		D8695835E12245D68B90C6BF /* Auto-increment build number from git */ = {
			isa = PBXShellScriptBuildPhase;
			alwaysOutOfDate = 1;
			buildActionMask = 2147483647;
			files = (
			);
			inputFileListPaths = (
			);
			inputPaths = (
			);
			name = "Auto-increment build number from git";
			outputFileListPaths = (
			);
			outputPaths = (
			);
			runOnlyForDeploymentPostprocessing = 0;
			shellPath = /bin/sh;
			shellScript = "BUILD_NUM=$(git -C \"${SRCROOT}/..\" rev-list --count HEAD)\n/usr/libexec/PlistBuddy -c \"Set :CFBundleVersion $BUILD_NUM\" \"${SRCROOT}/VMflow/Resources/Info.plist\"\n";
		};
/* End PBXShellScriptBuildPhase section */

/* Begin PBXSourcesBuildPhase section */
		4B3EBA3CFD23CD0EB01C415E /* Sources */ = {
			isa = PBXSourcesBuildPhase;
			buildActionMask = 2147483647;
			files = (
				CF28029DE37E256E1554DA8D /* NotificationService.swift in Sources */,
			);
			runOnlyForDeploymentPostprocessing = 0;
		};
		CF37A3A9F0065BB67F3BEE95 /* Sources */ = {
			isa = PBXSourcesBuildPhase;
			buildActionMask = 2147483647;
			files = (
				A2A38FD8CE2FB51B55D2F755 /* AdaptiveRootView.swift in Sources */,
				994DEA5B68106C882733FA3E /* AddServerView.swift in Sources */,
				5F08126114BACC2BF3A31045 /* AnalyticsChart.swift in Sources */,
				92568582278C4496D9941FF9 /* AnalyticsFilter.swift in Sources */,
				FD90F92A011D910E59544A84 /* AnalyticsFilterSheet.swift in Sources */,
				F05ADB26490C6AA51FFDF066 /* AnalyticsHeatmap.swift in Sources */,
				AA13EF47D6617718D15E18EF /* AnalyticsKPIGroup.swift in Sources */,
				FC4BDD80D3206D8371102740 /* AnalyticsRootView.swift in Sources */,
				BF46130EC5DF347899F9BFC5 /* AnalyticsSortableList.swift in Sources */,
				5C23B7000E2E6CB57DDFD0A2 /* AppDelegate.swift in Sources */,
				C8CFA483AB0C273F0B8009B0 /* AppNavigation.swift in Sources */,
				FDA63D4358CC508737E8C10F /* AuthService.swift in Sources */,
				6971FF55D8F8DCA5C2EA43AC /* BankDepositSheet.swift in Sources */,
				BE954A375ED01316E322C570 /* BarcodeScannerView.swift in Sources */,
				0BEB2E18E56CCAF0DE150DF8 /* BatchAdjustSheet.swift in Sources */,
				1C9E7B9A63E9DD8A16B2A1C5 /* CashBook.swift in Sources */,
				B5D2C7810233FD5E56DB92FE /* CashBookCard.swift in Sources */,
				36D66E4568E0F334F7DF3CDF /* CashBookView.swift in Sources */,
				D5A899832BE2B66298060F7C /* CashBookViewModel.swift in Sources */,
				DB59F86A2E67E4D7B603D1E7 /* CompactTabView.swift in Sources */,
				770948C3E78EA77E2829C8AF /* ComparePeriodBadge.swift in Sources */,
				1813377797812B72A25F0959 /* DashboardView.swift in Sources */,
				45167E803ECFB29F00DA502F /* DashboardViewModel.swift in Sources */,
				619ACB1BC411FF265BC16770 /* Deal.swift in Sources */,
				F4C8EB2697C216371012CB06 /* DealCard.swift in Sources */,
				01DA0CBC6A7F8197F2EA4208 /* DealDetailSheet.swift in Sources */,
				F9ED3640AECA682247FEB81A /* DealsView.swift in Sources */,
				4E7112EF288684896AD007FC /* DealsViewModel.swift in Sources */,
				18B45C5AD27EA5192C579E7E /* EntriesListSection.swift in Sources */,
				C6C3F5A9A4DD93B937E70446 /* FlowVisualisationCard.swift in Sources */,
				25EA765A8A63760D9E0E557C /* HapticFeedback.swift in Sources */,
				DA9D08029AED0D27882468AF /* Inbox.swift in Sources */,
				A7761D7EC67B223B1E28E056 /* InboxView.swift in Sources */,
				2ED6B05952A4F22FECE56431 /* InboxViewModel.swift in Sources */,
				1D3A89F11C2DB525AA3D3A3B /* KPICard.swift in Sources */,
				4FFA938E1B8D44AA47597975 /* LocalNetworkPermission.swift in Sources */,
				69E8033CA200BF33D690DD33 /* LoginView.swift in Sources */,
				301C227EBDC0E72136F542CD /* MachineCard.swift in Sources */,
				893772831F630561F5DBEF01 /* MachineDetailView.swift in Sources */,
				2B3AA6B25344C2BCAC8195EC /* MachineDetailViewModel.swift in Sources */,
				48101BA7F81D7ACA238B9101 /* MachineListView.swift in Sources */,
				248616CB9DA18C4F098B2461 /* MachineListViewModel.swift in Sources */,
				03840B5283B50C3D3193477A /* MachinesSplitView.swift in Sources */,
				4BAF0852314EDB345AE12107 /* MultiBarkasseCashBlock.swift in Sources */,
				D88E0EB43AF2F7FE4977B3C9 /* NotificationService.swift in Sources */,
				B274325852BED5CF815DDA42 /* Organization.swift in Sources */,
				1254787CC883CE8605189B4B /* PackingStepView.swift in Sources */,
				38D6B1CBC8EAA38E361D13CB /* Product.swift in Sources */,
				AFD4D9E541002B8B1DFE6386 /* ProductBatchesView.swift in Sources */,
				A522F0B50B637D736631E2FA /* ProductDetailSheet.swift in Sources */,
				6051E236873980E4ABAF7E4B /* ProductEditSheet.swift in Sources */,
				E49EF3FACFF4F910A4F7AA1F /* ProductImage.swift in Sources */,
				BEE87BCF91FBF732036F5D34 /* ProductsView.swift in Sources */,
				720AF70B51AF06424B582271 /* ProductsViewModel.swift in Sources */,
				44BE3D1E439FE91E3A5D1932 /* QRScannerView.swift in Sources */,
				FA92F123C410DDE5A56A5EF7 /* RealtimeService.swift in Sources */,
				BA2A1DA46A8F97997C993449 /* RefillStepView.swift in Sources */,
				5BBE0F0003B82E2E6CEEC86C /* RefillSummaryView.swift in Sources */,
				123DDC46EFE39435A5A69CB5 /* RefillWizardView.swift in Sources */,
				A36AE2752621D3854B40CCE2 /* RefillWizardViewModel.swift in Sources */,
				AD28437ACBB0F0A443AA458E /* RegisterView.swift in Sources */,
				009EBF498DA30943CF9B822D /* ReviewStepView.swift in Sources */,
				C2A2406A5D534A262F1CB0BA /* Sale.swift in Sources */,
				72C90C4ACF2607C4D2195724 /* ServerEntry.swift in Sources */,
				5F1B8611AD429EF19A710A9A /* ServerSelectionSheet.swift in Sources */,
				BB47F1A487862AA410FF9E58 /* ServerStore.swift in Sources */,
				14E8E7A13B8FB4BBA2CE3AA1 /* SettingsView.swift in Sources */,
				E161A2145944F1B03E599290 /* SidebarNavigationView.swift in Sources */,
				4317985673B05FA56A45069B /* StatusBadge.swift in Sources */,
				FE4C794519B8D88EA6886C0A /* StockBar.swift in Sources */,
				F0501A7FD0A96B9377D2DCCF /* SupabaseService.swift in Sources */,
				0C7698AD6ED222844A1255F5 /* Tray.swift in Sources */,
				5C989AE6260DDA7137C3A923 /* TrayEditSheet.swift in Sources */,
				75FC6DAC6BC35B6F78317FBC /* TrayListView.swift in Sources */,
				A1A27831F396EBCD53E5ED9A /* TrayRow.swift in Sources */,
				7B251D0111BECD9C18F5DD02 /* TrayViewModel.swift in Sources */,
				98DBB72485FA6701994E86A6 /* VMflowApp.swift in Sources */,
				9AC610D3D52ECEEAF701A011 /* VendingMachine.swift in Sources */,
				A1BB4CD6BAE18CF2A1E2FB3C /* Warehouse.swift in Sources */,
				D87208736751BB897289C9B6 /* WarehouseView.swift in Sources */,
				227347A89BC32144B6544F1C /* WarehouseViewModel.swift in Sources */,
				77D2B846D83C3623DF76EF46 /* WithdrawalSheet.swift in Sources */,
			);
			runOnlyForDeploymentPostprocessing = 0;
		};
/* End PBXSourcesBuildPhase section */

/* Begin PBXTargetDependency section */
		820470393E1D3720A1FEEF2B /* PBXTargetDependency */ = {
			isa = PBXTargetDependency;
			target = BCEC60B9A13CA9D51150CC0F /* NotificationService */;
			targetProxy = 3DCB07D158719116ACE92769 /* PBXContainerItemProxy */;
		};
/* End PBXTargetDependency section */

/* Begin XCBuildConfiguration section */
		2406383C34D5A7953A6ECC74 /* Release */ = {
			isa = XCBuildConfiguration;
			buildSettings = {
				CODE_SIGN_ENTITLEMENTS = "";
				CODE_SIGN_STYLE = Automatic;
				DEVELOPMENT_TEAM = 4JT3V7XVXM;
				INFOPLIST_FILE = NotificationService/Info.plist;
				LD_RUNPATH_SEARCH_PATHS = (
					"$(inherited)",
					"@executable_path/Frameworks",
					"@executable_path/../../Frameworks",
				);
				PRODUCT_BUNDLE_IDENTIFIER = "$(EXTENSION_BUNDLE_IDENTIFIER)";
				SDKROOT = iphoneos;
				SKIP_INSTALL = NO;
				TARGETED_DEVICE_FAMILY = "1,2";
			};
			name = Release;
		};
		382B1ABF0694BE3BE485013F /* Debug */ = {
			isa = XCBuildConfiguration;
			baseConfigurationReference = 215EDEE2A21B82EE7D2ED841 /* Debug.xcconfig */;
			buildSettings = {
				ALWAYS_SEARCH_USER_PATHS = NO;
				CLANG_ANALYZER_NONNULL = YES;
				CLANG_ANALYZER_NUMBER_OBJECT_CONVERSION = YES_AGGRESSIVE;
				CLANG_CXX_LANGUAGE_STANDARD = "gnu++14";
				CLANG_CXX_LIBRARY = "libc++";
				CLANG_ENABLE_MODULES = YES;
				CLANG_ENABLE_OBJC_ARC = YES;
				CLANG_ENABLE_OBJC_WEAK = YES;
				CLANG_WARN_BLOCK_CAPTURE_AUTORELEASING = YES;
				CLANG_WARN_BOOL_CONVERSION = YES;
				CLANG_WARN_COMMA = YES;
				CLANG_WARN_CONSTANT_CONVERSION = YES;
				CLANG_WARN_DEPRECATED_OBJC_IMPLEMENTATIONS = YES;
				CLANG_WARN_DIRECT_OBJC_ISA_USAGE = YES_ERROR;
				CLANG_WARN_DOCUMENTATION_COMMENTS = YES;
				CLANG_WARN_EMPTY_BODY = YES;
				CLANG_WARN_ENUM_CONVERSION = YES;
				CLANG_WARN_INFINITE_RECURSION = YES;
				CLANG_WARN_INT_CONVERSION = YES;
				CLANG_WARN_NON_LITERAL_NULL_CONVERSION = YES;
				CLANG_WARN_OBJC_IMPLICIT_RETAIN_SELF = YES;
				CLANG_WARN_OBJC_LITERAL_CONVERSION = YES;
				CLANG_WARN_OBJC_ROOT_CLASS = YES_ERROR;
				CLANG_WARN_QUOTED_INCLUDE_IN_FRAMEWORK_HEADER = YES;
				CLANG_WARN_RANGE_LOOP_ANALYSIS = YES;
				CLANG_WARN_STRICT_PROTOTYPES = YES;
				CLANG_WARN_SUSPICIOUS_MOVE = YES;
				CLANG_WARN_UNGUARDED_AVAILABILITY = YES_AGGRESSIVE;
				CLANG_WARN_UNREACHABLE_CODE = YES;
				CLANG_WARN__DUPLICATE_METHOD_MATCH = YES;
				COPY_PHASE_STRIP = NO;
				CURRENT_PROJECT_VERSION = 1;
				DEBUG_INFORMATION_FORMAT = dwarf;
				ENABLE_STRICT_OBJC_MSGSEND = YES;
				ENABLE_TESTABILITY = YES;
				GCC_C_LANGUAGE_STANDARD = gnu11;
				GCC_DYNAMIC_NO_PIC = NO;
				GCC_NO_COMMON_BLOCKS = YES;
				GCC_OPTIMIZATION_LEVEL = 0;
				GCC_PREPROCESSOR_DEFINITIONS = (
					"$(inherited)",
					"DEBUG=1",
				);
				GCC_WARN_64_TO_32_BIT_CONVERSION = YES;
				GCC_WARN_ABOUT_RETURN_TYPE = YES_ERROR;
				GCC_WARN_UNDECLARED_SELECTOR = YES;
				GCC_WARN_UNINITIALIZED_AUTOS = YES_AGGRESSIVE;
				GCC_WARN_UNUSED_FUNCTION = YES;
				GCC_WARN_UNUSED_VARIABLE = YES;
				GENERATE_INFOPLIST_FILE = NO;
				INFOPLIST_FILE = VMflow/Resources/Info.plist;
				IPHONEOS_DEPLOYMENT_TARGET = 17.0;
				MARKETING_VERSION = 1.0;
				MTL_ENABLE_DEBUG_INFO = INCLUDE_SOURCE;
				MTL_FAST_MATH = YES;
				ONLY_ACTIVE_ARCH = YES;
				PRODUCT_NAME = "$(TARGET_NAME)";
				SDKROOT = iphoneos;
				SWIFT_ACTIVE_COMPILATION_CONDITIONS = DEBUG;
				SWIFT_OPTIMIZATION_LEVEL = "-Onone";
				SWIFT_VERSION = 5.9;
			};
			name = Debug;
		};
		38F117049B613547293740DE /* Release */ = {
			isa = XCBuildConfiguration;
			baseConfigurationReference = 37A932859D1B7FE49EB4FDE0 /* Release.xcconfig */;
			buildSettings = {
				ALWAYS_SEARCH_USER_PATHS = NO;
				CLANG_ANALYZER_NONNULL = YES;
				CLANG_ANALYZER_NUMBER_OBJECT_CONVERSION = YES_AGGRESSIVE;
				CLANG_CXX_LANGUAGE_STANDARD = "gnu++14";
				CLANG_CXX_LIBRARY = "libc++";
				CLANG_ENABLE_MODULES = YES;
				CLANG_ENABLE_OBJC_ARC = YES;
				CLANG_ENABLE_OBJC_WEAK = YES;
				CLANG_WARN_BLOCK_CAPTURE_AUTORELEASING = YES;
				CLANG_WARN_BOOL_CONVERSION = YES;
				CLANG_WARN_COMMA = YES;
				CLANG_WARN_CONSTANT_CONVERSION = YES;
				CLANG_WARN_DEPRECATED_OBJC_IMPLEMENTATIONS = YES;
				CLANG_WARN_DIRECT_OBJC_ISA_USAGE = YES_ERROR;
				CLANG_WARN_DOCUMENTATION_COMMENTS = YES;
				CLANG_WARN_EMPTY_BODY = YES;
				CLANG_WARN_ENUM_CONVERSION = YES;
				CLANG_WARN_INFINITE_RECURSION = YES;
				CLANG_WARN_INT_CONVERSION = YES;
				CLANG_WARN_NON_LITERAL_NULL_CONVERSION = YES;
				CLANG_WARN_OBJC_IMPLICIT_RETAIN_SELF = YES;
				CLANG_WARN_OBJC_LITERAL_CONVERSION = YES;
				CLANG_WARN_OBJC_ROOT_CLASS = YES_ERROR;
				CLANG_WARN_QUOTED_INCLUDE_IN_FRAMEWORK_HEADER = YES;
				CLANG_WARN_RANGE_LOOP_ANALYSIS = YES;
				CLANG_WARN_STRICT_PROTOTYPES = YES;
				CLANG_WARN_SUSPICIOUS_MOVE = YES;
				CLANG_WARN_UNGUARDED_AVAILABILITY = YES_AGGRESSIVE;
				CLANG_WARN_UNREACHABLE_CODE = YES;
				CLANG_WARN__DUPLICATE_METHOD_MATCH = YES;
				COPY_PHASE_STRIP = NO;
				CURRENT_PROJECT_VERSION = 1;
				DEBUG_INFORMATION_FORMAT = "dwarf-with-dsym";
				ENABLE_NS_ASSERTIONS = NO;
				ENABLE_STRICT_OBJC_MSGSEND = YES;
				GCC_C_LANGUAGE_STANDARD = gnu11;
				GCC_NO_COMMON_BLOCKS = YES;
				GCC_WARN_64_TO_32_BIT_CONVERSION = YES;
				GCC_WARN_ABOUT_RETURN_TYPE = YES_ERROR;
				GCC_WARN_UNDECLARED_SELECTOR = YES;
				GCC_WARN_UNINITIALIZED_AUTOS = YES_AGGRESSIVE;
				GCC_WARN_UNUSED_FUNCTION = YES;
				GCC_WARN_UNUSED_VARIABLE = YES;
				GENERATE_INFOPLIST_FILE = NO;
				INFOPLIST_FILE = VMflow/Resources/Info.plist;
				IPHONEOS_DEPLOYMENT_TARGET = 17.0;
				MARKETING_VERSION = 1.0;
				MTL_ENABLE_DEBUG_INFO = NO;
				MTL_FAST_MATH = YES;
				PRODUCT_NAME = "$(TARGET_NAME)";
				SDKROOT = iphoneos;
				SWIFT_COMPILATION_MODE = wholemodule;
				SWIFT_OPTIMIZATION_LEVEL = "-O";
				SWIFT_VERSION = 5.9;
			};
			name = Release;
		};
		47D683708BFD2B7EC2F3258E /* Debug */ = {
			isa = XCBuildConfiguration;
			buildSettings = {
				CODE_SIGN_ENTITLEMENTS = VMflow/Resources/VMflow.entitlements;
				CODE_SIGN_IDENTITY = "iPhone Developer";
				CODE_SIGN_STYLE = Automatic;
				DEVELOPMENT_TEAM = 4JT3V7XVXM;
				INFOPLIST_FILE = VMflow/Resources/Info.plist;
				LD_RUNPATH_SEARCH_PATHS = (
					"$(inherited)",
					"@executable_path/Frameworks",
				);
				SDKROOT = iphoneos;
				TARGETED_DEVICE_FAMILY = "1,2";
			};
			name = Debug;
		};
		721C31EF76FFEFD13903BF0D /* Release */ = {
			isa = XCBuildConfiguration;
			buildSettings = {
				CODE_SIGN_ENTITLEMENTS = VMflow/Resources/VMflow.entitlements;
				CODE_SIGN_IDENTITY = "iPhone Developer";
				CODE_SIGN_STYLE = Automatic;
				DEVELOPMENT_TEAM = 4JT3V7XVXM;
				INFOPLIST_FILE = VMflow/Resources/Info.plist;
				LD_RUNPATH_SEARCH_PATHS = (
					"$(inherited)",
					"@executable_path/Frameworks",
				);
				SDKROOT = iphoneos;
				TARGETED_DEVICE_FAMILY = "1,2";
			};
			name = Release;
		};
		E504907F6D92E125BC830BF0 /* Debug */ = {
			isa = XCBuildConfiguration;
			buildSettings = {
				CODE_SIGN_ENTITLEMENTS = "";
				CODE_SIGN_STYLE = Automatic;
				DEVELOPMENT_TEAM = 4JT3V7XVXM;
				INFOPLIST_FILE = NotificationService/Info.plist;
				LD_RUNPATH_SEARCH_PATHS = (
					"$(inherited)",
					"@executable_path/Frameworks",
					"@executable_path/../../Frameworks",
				);
				PRODUCT_BUNDLE_IDENTIFIER = "$(EXTENSION_BUNDLE_IDENTIFIER)";
				SDKROOT = iphoneos;
				SKIP_INSTALL = NO;
				TARGETED_DEVICE_FAMILY = "1,2";
			};
			name = Debug;
		};
/* End XCBuildConfiguration section */

/* Begin XCConfigurationList section */
		26BE41D140DC7534868B92A9 /* Build configuration list for PBXNativeTarget "VMflow" */ = {
			isa = XCConfigurationList;
			buildConfigurations = (
				47D683708BFD2B7EC2F3258E /* Debug */,
				721C31EF76FFEFD13903BF0D /* Release */,
			);
			defaultConfigurationIsVisible = 0;
			defaultConfigurationName = Debug;
		};
		8B01E174516790830A434488 /* Build configuration list for PBXNativeTarget "NotificationService" */ = {
			isa = XCConfigurationList;
			buildConfigurations = (
				E504907F6D92E125BC830BF0 /* Debug */,
				2406383C34D5A7953A6ECC74 /* Release */,
			);
			defaultConfigurationIsVisible = 0;
			defaultConfigurationName = Debug;
		};
		B1511EBE8EED6F28AF94BC8E /* Build configuration list for PBXProject "VMflow" */ = {
			isa = XCConfigurationList;
			buildConfigurations = (
				382B1ABF0694BE3BE485013F /* Debug */,
				38F117049B613547293740DE /* Release */,
			);
			defaultConfigurationIsVisible = 0;
			defaultConfigurationName = Debug;
		};
/* End XCConfigurationList section */

/* Begin XCRemoteSwiftPackageReference section */
		11212191FAB3A08C935E93FA /* XCRemoteSwiftPackageReference "supabase-swift" */ = {
			isa = XCRemoteSwiftPackageReference;
			repositoryURL = "https://github.com/supabase/supabase-swift.git";
			requirement = {
				kind = upToNextMajorVersion;
				minimumVersion = 2.0.0;
			};
		};
/* End XCRemoteSwiftPackageReference section */

/* Begin XCSwiftPackageProductDependency section */
		FB3502875FE29AF6391900A8 /* Supabase */ = {
			isa = XCSwiftPackageProductDependency;
			package = 11212191FAB3A08C935E93FA /* XCRemoteSwiftPackageReference "supabase-swift" */;
			productName = Supabase;
		};
/* End XCSwiftPackageProductDependency section */
	};
	rootObject = C39325D98C9AAD78241F928A /* Project object */;
}
